
Microsoft Visual Studio Solution File, Format Version 12.00
# Visual Studio 15
VisualStudioVersion = 15.0.27428.2002
MinimumVisualStudioVersion = 10.0.40219.1
Project("{FAE04EC0-301F-11D3-BF4B-00C04F79EFBC}") = "HouseFinanceAPI", "HouseFinanceAPI\HouseFinanceAPI.csproj", "{C536BAF0-745A-4DC6-81E2-103C2B76BFD7}"
EndProject
Global
	GlobalSection(SolutionConfigurationPlatforms) = preSolution
		Debug|Any CPU = Debug|Any CPU
		Release|Any CPU = Release|Any CPU
	EndGlobalSection
	GlobalSection(ProjectConfigurationPlatforms) = postSolution
		{C536BAF0-745A-4DC6-81E2-103C2B76BFD7}.Debug|Any CPU.ActiveCfg = Debug|Any CPU
		{C536BAF0-745A-4DC6-81E2-103C2B76BFD7}.Debug|Any CPU.Build.0 = Debug|Any CPU
		{C536BAF0-745A-4DC6-81E2-103C2B76BFD7}.Release|Any CPU.ActiveCfg = Release|Any CPU
		{C536BAF0-745A-4DC6-81E2-103C2B76BFD7}.Release|Any CPU.Build.0 = Release|Any CPU
	EndGlobalSection
	GlobalSection(SolutionProperties) = preSolution
		HideSolutionNode = FALSE
	EndGlobalSection
	GlobalSection(ExtensibilityGlobals) = postSolution
		SolutionGuid = {7BFE3520-596E-42D8-AFF4-E48CA401E979}
	EndGlobalSection
EndGlobal
